
Microsoft Visual Studio Solution File, Format Version 12.00
# Visual Studio Version 16
VisualStudioVersion = 16.0.30204.135
MinimumVisualStudioVersion = 10.0.40219.1
Project("{FAE04EC0-301F-11D3-BF4B-00C04F79EFBC}") = "StudentDb", "StudentDb\StudentDb.csproj", "{06FBAAD0-D683-4A4C-B0CF-AA99D876AE7C}"
EndProject
Global
	GlobalSection(SolutionConfigurationPlatforms) = preSolution
		Debug|Any CPU = Debug|Any CPU
		Release|Any CPU = Release|Any CPU
	EndGlobalSection
	GlobalSection(ProjectConfigurationPlatforms) = postSolution
		{06FBAAD0-D683-4A4C-B0CF-AA99D876AE7C}.Debug|Any CPU.ActiveCfg = Debug|Any CPU
		{06FBAAD0-D683-4A4C-B0CF-AA99D876AE7C}.Debug|Any CPU.Build.0 = Debug|Any CPU
		{06FBAAD0-D683-4A4C-B0CF-AA99D876AE7C}.Release|Any CPU.ActiveCfg = Release|Any CPU
		{06FBAAD0-D683-4A4C-B0CF-AA99D876AE7C}.Release|Any CPU.Build.0 = Release|Any CPU
	EndGlobalSection
	GlobalSection(SolutionProperties) = preSolution
		HideSolutionNode = FALSE
	EndGlobalSection
	GlobalSection(ExtensibilityGlobals) = postSolution
		SolutionGuid = {EC4C05CE-37D6-4FBC-A8B5-D831DF4AF410}
	EndGlobalSection
EndGlobal
